
Microsoft Visual Studio Solution File, Format Version 12.00
# Visual Studio Version 16
VisualStudioVersion = 16.0.31410.357
MinimumVisualStudioVersion = 10.0.40219.1
Project("{FAE04EC0-301F-11D3-BF4B-00C04F79EFBC}") = "jdoodle", "jdoodle\jdoodle.csproj", "{28A6C852-D6D8-4773-A0E1-10D4E626808E}"
EndProject
Global
	GlobalSection(SolutionConfigurationPlatforms) = preSolution
		Debug|Any CPU = Debug|Any CPU
		Release|Any CPU = Release|Any CPU
	EndGlobalSection
	GlobalSection(ProjectConfigurationPlatforms) = postSolution
		{28A6C852-D6D8-4773-A0E1-10D4E626808E}.Debug|Any CPU.ActiveCfg = Debug|Any CPU
		{28A6C852-D6D8-4773-A0E1-10D4E626808E}.Debug|Any CPU.Build.0 = Debug|Any CPU
		{28A6C852-D6D8-4773-A0E1-10D4E626808E}.Release|Any CPU.ActiveCfg = Release|Any CPU
		{28A6C852-D6D8-4773-A0E1-10D4E626808E}.Release|Any CPU.Build.0 = Release|Any CPU
	EndGlobalSection
	GlobalSection(SolutionProperties) = preSolution
		HideSolutionNode = FALSE
	EndGlobalSection
	GlobalSection(ExtensibilityGlobals) = postSolution
		SolutionGuid = {2294B9C8-78AB-4E2D-93C9-D59434B276D3}
	EndGlobalSection
EndGlobal
